{
  "requires": true,
  "lockfileVersion": 1,
  "dependencies": {
    "@types/d3": {
      "version": "3.5.44",
      "resolved": "https://registry.npmjs.org/@types/d3/-/d3-3.5.44.tgz",
      "integrity": "sha512-hFEcf03YGJ2uQoDYEp3nFD5mXWxly5kf6KOstuOQFEs9sUCN7kNlKhcYkpZ3gK6PiHz4XRLkoHa80NVCJNeLBw=="
    },
    "@types/decimal.js": {
      "version": "7.4.0",
      "resolved": "https://registry.npmjs.org/@types/decimal.js/-/decimal.js-7.4.0.tgz",
      "integrity": "sha512-TiP45voN8GdDib9QkkdMprTfs86xxHInqTxNPSGbF0m6X0LXVBjkFEKbbL9fqm4ZPoVFkG1p4F26on2MWGvW5w==",
      "dev": true,
      "requires": {
        "decimal.js": "*"
      }
    },
    "@types/plotly.js": {
      "version": "1.54.10",
      "resolved": "https://registry.npmjs.org/@types/plotly.js/-/plotly.js-1.54.10.tgz",
      "integrity": "sha512-38CuUoM5M1jQl5setuGl4yj59+7Cn6WYIQyeGLptJpAJre9/wZLl0EzdnImVB3l+qUBYxkbCH9FIDV/JoPzTXQ==",
      "requires": {
        "@types/d3": "^3"
      }
    },
    "decimal.js": {
      "version": "10.2.1",
      "resolved": "https://registry.npmjs.org/decimal.js/-/decimal.js-10.2.1.tgz",
      "integrity": "sha512-KaL7+6Fw6i5A2XSnsbhm/6B+NuEA7TZ4vqxnd5tXz9sbKtrN9Srj8ab4vKVdK8YAqZO9P1kg45Y6YLoduPf+kw==",
      "dev": true
    }
  }
}
