{
  "requires": true,
  "lockfileVersion": 1,
  "dependencies": {
    "@types/d3": {
      "version": "3.5.44",
      "resolved": "https://registry.npmjs.org/@types/d3/-/d3-3.5.44.tgz",
      "integrity": "sha512-hFEcf03YGJ2uQoDYEp3nFD5mXWxly5kf6KOstuOQFEs9sUCN7kNlKhcYkpZ3gK6PiHz4XRLkoHa80NVCJNeLBw==",
      "dev": true
    },
    "@types/plotly.js": {
      "version": "1.54.10",
      "resolved": "https://registry.npmjs.org/@types/plotly.js/-/plotly.js-1.54.10.tgz",
      "integrity": "sha512-38CuUoM5M1jQl5setuGl4yj59+7Cn6WYIQyeGLptJpAJre9/wZLl0EzdnImVB3l+qUBYxkbCH9FIDV/JoPzTXQ==",
      "dev": true,
      "requires": {
        "@types/d3": "^3"
      }
    }
  }
}
